
Microsoft Visual Studio Solution File, Format Version 12.00
# Visual Studio Version 16
VisualStudioVersion = 16.0.31321.278
MinimumVisualStudioVersion = 10.0.40219.1
Project("{FAE04EC0-301F-11D3-BF4B-00C04F79EFBC}") = "Casting_Stretch_Zachory", "Casting_Stretch_Zachory\Casting_Stretch_Zachory.csproj", "{466D05E3-D0FB-4772-BCC3-A7B8E82059E9}"
EndProject
Global
	GlobalSection(SolutionConfigurationPlatforms) = preSolution
		Debug|Any CPU = Debug|Any CPU
		Release|Any CPU = Release|Any CPU
	EndGlobalSection
	GlobalSection(ProjectConfigurationPlatforms) = postSolution
		{466D05E3-D0FB-4772-BCC3-A7B8E82059E9}.Debug|Any CPU.ActiveCfg = Debug|Any CPU
		{466D05E3-D0FB-4772-BCC3-A7B8E82059E9}.Debug|Any CPU.Build.0 = Debug|Any CPU
		{466D05E3-D0FB-4772-BCC3-A7B8E82059E9}.Release|Any CPU.ActiveCfg = Release|Any CPU
		{466D05E3-D0FB-4772-BCC3-A7B8E82059E9}.Release|Any CPU.Build.0 = Release|Any CPU
	EndGlobalSection
	GlobalSection(SolutionProperties) = preSolution
		HideSolutionNode = FALSE
	EndGlobalSection
	GlobalSection(ExtensibilityGlobals) = postSolution
		SolutionGuid = {246FF10E-0B50-41E4-92FD-1D87F438EDCB}
	EndGlobalSection
EndGlobal
